Microsoft Visual Studio Solution File, Format Version 12.00
# Visual Studio Version 17
VisualStudioVersion = 17.5.2.0
MinimumVisualStudioVersion = 10.0.40219.1
Project("{FAE04EC0-301F-11D3-BF4B-00C04F79EFBC}") = "Buzz", "Buzz.csproj", "{723DA376-991F-C1D5-AB9D-5ECCF0C7F4FB}"
EndProject
Global
	GlobalSection(SolutionConfigurationPlatforms) = preSolution
		Debug|Any CPU = Debug|Any CPU
		Release|Any CPU = Release|Any CPU
	EndGlobalSection
	GlobalSection(ProjectConfigurationPlatforms) = postSolution
		{723DA376-991F-C1D5-AB9D-5ECCF0C7F4FB}.Debug|Any CPU.ActiveCfg = Debug|Any CPU
		{723DA376-991F-C1D5-AB9D-5ECCF0C7F4FB}.Debug|Any CPU.Build.0 = Debug|Any CPU
		{723DA376-991F-C1D5-AB9D-5ECCF0C7F4FB}.Release|Any CPU.ActiveCfg = Release|Any CPU
		{723DA376-991F-C1D5-AB9D-5ECCF0C7F4FB}.Release|Any CPU.Build.0 = Release|Any CPU
	EndGlobalSection
	GlobalSection(SolutionProperties) = preSolution
		HideSolutionNode = FALSE
	EndGlobalSection
	GlobalSection(ExtensibilityGlobals) = postSolution
		SolutionGuid = {71FDC341-1850-464C-BC77-6B1F548DD397}
	EndGlobalSection
EndGlobal
